
Microsoft Visual Studio Solution File, Format Version 12.00
# Visual Studio Version 17
VisualStudioVersion = 17.14.36511.14 d17.14
MinimumVisualStudioVersion = 10.0.40219.1
Project("{FAE04EC0-301F-11D3-BF4B-00C04F79EFBC}") = "Test942", "Test942.csproj", "{4A2A8FF2-C920-4230-939C-DFC5992096BA}"
EndProject
Global
	GlobalSection(SolutionConfigurationPlatforms) = preSolution
		Debug|Any CPU = Debug|Any CPU
		Release|Any CPU = Release|Any CPU
	EndGlobalSection
	GlobalSection(ProjectConfigurationPlatforms) = postSolution
		{4A2A8FF2-C920-4230-939C-DFC5992096BA}.Debug|Any CPU.ActiveCfg = Debug|Any CPU
		{4A2A8FF2-C920-4230-939C-DFC5992096BA}.Debug|Any CPU.Build.0 = Debug|Any CPU
		{4A2A8FF2-C920-4230-939C-DFC5992096BA}.Release|Any CPU.ActiveCfg = Release|Any CPU
		{4A2A8FF2-C920-4230-939C-DFC5992096BA}.Release|Any CPU.Build.0 = Release|Any CPU
	EndGlobalSection
	GlobalSection(SolutionProperties) = preSolution
		HideSolutionNode = FALSE
	EndGlobalSection
	GlobalSection(ExtensibilityGlobals) = postSolution
		SolutionGuid = {5C361EB4-6300-46D6-9BA1-9A328CDBADD3}
	EndGlobalSection
EndGlobal
